
Microsoft Visual Studio Solution File, Format Version 12.00
# Visual Studio Version 17
VisualStudioVersion = 17.7.34221.43
MinimumVisualStudioVersion = 10.0.40219.1
Project("{FAE04EC0-301F-11D3-BF4B-00C04F79EFBC}") = "WiseSwitchApi", "WiseSwitchApi\WiseSwitchApi.csproj", "{69D1DB57-5162-4526-B9E8-E655FB6F9BD2}"
EndProject
Global
	GlobalSection(SolutionConfigurationPlatforms) = preSolution
		Debug|Any CPU = Debug|Any CPU
		Release|Any CPU = Release|Any CPU
	EndGlobalSection
	GlobalSection(ProjectConfigurationPlatforms) = postSolution
		{69D1DB57-5162-4526-B9E8-E655FB6F9BD2}.Debug|Any CPU.ActiveCfg = Debug|Any CPU
		{69D1DB57-5162-4526-B9E8-E655FB6F9BD2}.Debug|Any CPU.Build.0 = Debug|Any CPU
		{69D1DB57-5162-4526-B9E8-E655FB6F9BD2}.Release|Any CPU.ActiveCfg = Release|Any CPU
		{69D1DB57-5162-4526-B9E8-E655FB6F9BD2}.Release|Any CPU.Build.0 = Release|Any CPU
	EndGlobalSection
	GlobalSection(SolutionProperties) = preSolution
		HideSolutionNode = FALSE
	EndGlobalSection
	GlobalSection(ExtensibilityGlobals) = postSolution
		SolutionGuid = {B426FA14-A9E6-4506-A005-60164D6A518C}
	EndGlobalSection
EndGlobal
